PODS:
  - Alamofire (5.10.1)
  - FlowXRenderer (4.0.2):
    - Alamofire
    - SDWebImageSVGCoder
    - SDWebImageSwiftUI
  - FXAuthLibrary (1.0.0):
    - Alamofire
    - JWTDecode
    - SwiftKeychainWrapper
  - JWTDecode (3.1.0)
  - SDWebImage (5.19.7):
    - SDWebImage/Core (= 5.19.7)
  - SDWebImage/Core (5.19.7)
  - SDWebImageSVGCoder (1.7.0):
    - SDWebImage/Core (~> 5.6)
  - SDWebImageSwiftUI (3.1.1):
    - SDWebImage (~> 5.10)
  - SwiftKeychainWrapper (4.0.1)

DEPENDENCIES:
  - FlowXRenderer (= 4.0.2)
  - FXAuthLibrary

SPEC REPOS:
  https://github.com/CocoaPods/Specs.git:
    - Alamofire
    - JWTDecode
    - SDWebImage
    - SDWebImageSVGCoder
    - SDWebImageSwiftUI
    - SwiftKeychainWrapper
  https://github.com/flowx-ai-external/flowx-ios-specs.git:
    - FlowXRenderer
    - FXAuthLibrary

SPEC CHECKSUMS:
  Alamofire: 840d2a1ad82355b536ec6ba5f97e5bfa54600ca3
  FlowXRenderer: 98dbf8e852373a311eca84b8042a6c3e18b7abd9
  FXAuthLibrary: 69700cb2c6d34941e1bd34993128f90a570a0f3d
  JWTDecode: 3eaab1e06b6f4dcbdd6716aff09ba4c2104ca8b7
  SDWebImage: 8a6b7b160b4d710e2a22b6900e25301075c34cb3
  SDWebImageSVGCoder: 15a300a97ec1c8ac958f009c02220ac0402e936c
  SDWebImageSwiftUI: dcff3d05fd0579ff280221ae8856c34ac3b67f25
  SwiftKeychainWrapper: 807ba1d63c33a7d0613288512399cd1eda1e470c

PODFILE CHECKSUM: 2f653e2171ba88c91656ea130e2d3926d1e246bf

COCOAPODS: 1.16.1
